// !$*UTF8*$!
{
	archiveVersion = 1;
	classes = {
	};
	objectVersion = 48;
	objects = {

/* Begin PBXBuildFile section */
		200203DA2015B46000AEE3E7 /* AppDelegate.m in Sources */ = {isa = PBXBuildFile; fileRef = 200203D92015B46000AEE3E7 /* AppDelegate.m */; };
		200203E02015B46000AEE3E7 /* Main.storyboard in Resources */ = {isa = PBXBuildFile; fileRef = 200203DE2015B46000AEE3E7 /* Main.storyboard */; };
		200203E22015B46000AEE3E7 /* Assets.xcassets in Resources */ = {isa = PBXBuildFile; fileRef = 200203E12015B46000AEE3E7 /* Assets.xcassets */; };
		200203E52015B46000AEE3E7 /* LaunchScreen.storyboard in Resources */ = {isa = PBXBuildFile; fileRef = 200203E32015B46000AEE3E7 /* LaunchScreen.storyboard */; };
		200203E82015B46000AEE3E7 /* main.m in Sources */ = {isa = PBXBuildFile; fileRef = 200203E72015B46000AEE3E7 /* main.m */; };
		202DC0A7205F5DE4008E2304 /* TestHelperViewController.m in Sources */ = {isa = PBXBuildFile; fileRef = 202DC0A6205F5DE4008E2304 /* TestHelperViewController.m */; };
		20428357201ED1E90013DED0 /* GCDAsyncUdpSocket.m in Sources */ = {isa = PBXBuildFile; fileRef = 20428348201ED1E90013DED0 /* GCDAsyncUdpSocket.m */; };
		20428358201ED1E90013DED0 /* UIImage+tint.m in Sources */ = {isa = PBXBuildFile; fileRef = 2042834A201ED1E90013DED0 /* UIImage+tint.m */; };
		20428359201ED1E90013DED0 /* ConnectorCustomizer.m in Sources */ = {isa = PBXBuildFile; fileRef = 2042834D201ED1E90013DED0 /* ConnectorCustomizer.m */; };
		2042835A201ED1E90013DED0 /* StepOneViewController.m in Sources */ = {isa = PBXBuildFile; fileRef = 2042834F201ED1E90013DED0 /* StepOneViewController.m */; };
		2042835B201ED1E90013DED0 /* StepThreeViewController.m in Sources */ = {isa = PBXBuildFile; fileRef = 20428351201ED1E90013DED0 /* StepThreeViewController.m */; };
		2042835C201ED1E90013DED0 /* StepTwoViewController.m in Sources */ = {isa = PBXBuildFile; fileRef = 20428353201ED1E90013DED0 /* StepTwoViewController.m */; };
		2067B017201AFBCE006661A2 /* ViewController.m in Sources */ = {isa = PBXBuildFile; fileRef = 2067B016201AFBCE006661A2 /* ViewController.m */; };
		2075722B2068BFCC0009BBAA /* WInStepOneViewController.m in Sources */ = {isa = PBXBuildFile; fileRef = 2075722A2068BFCC0009BBAA /* WInStepOneViewController.m */; };
		2075722E2068C3730009BBAA /* WInStepTwoViewController.m in Sources */ = {isa = PBXBuildFile; fileRef = 2075722D2068C3730009BBAA /* WInStepTwoViewController.m */; };
		207572312068D8740009BBAA /* WInStepThreeViewController.m in Sources */ = {isa = PBXBuildFile; fileRef = 207572302068D8740009BBAA /* WInStepThreeViewController.m */; };
		20757235206C98580009BBAA /* BaseConnectorManager.m in Sources */ = {isa = PBXBuildFile; fileRef = 20757234206C98580009BBAA /* BaseConnectorManager.m */; };
		20757238206CD99B0009BBAA /* W001ConnectorManager.m in Sources */ = {isa = PBXBuildFile; fileRef = 20757237206CD99B0009BBAA /* W001ConnectorManager.m */; };
		207572CF20721E770009BBAA /* W002ConnectorManager.m in Sources */ = {isa = PBXBuildFile; fileRef = 207572CE20721E770009BBAA /* W002ConnectorManager.m */; };
		207B1F4820A29E58004E31AE /* Connector.bundle in Resources */ = {isa = PBXBuildFile; fileRef = 207B1F4720A29E58004E31AE /* Connector.bundle */; };
		747AB6EF21A399140074721B /* GlobalTool.m in Sources */ = {isa = PBXBuildFile; fileRef = 747AB6EE21A399140074721B /* GlobalTool.m */; };
/* End PBXBuildFile section */

/* Begin PBXFileReference section */
		200203D52015B46000AEE3E7 /* Wi-FiDeviceConnector.app */ = {isa = PBXFileReference; explicitFileType = wrapper.application; includeInIndex = 0; path = "Wi-FiDeviceConnector.app"; sourceTree = BUILT_PRODUCTS_DIR; };
		200203D82015B46000AEE3E7 /* AppDelegate.h */ = {isa = PBXFileReference; lastKnownFileType = sourcecode.c.h; path = AppDelegate.h; sourceTree = "<group>"; };
		200203D92015B46000AEE3E7 /* AppDelegate.m */ = {isa = PBXFileReference; lastKnownFileType = sourcecode.c.objc; path = AppDelegate.m; sourceTree = "<group>"; };
		200203DF2015B46000AEE3E7 /* Base */ = {isa = PBXFileReference; lastKnownFileType = file.storyboard; name = Base; path = Base.lproj/Main.storyboard; sourceTree = "<group>"; };
		200203E12015B46000AEE3E7 /* Assets.xcassets */ = {isa = PBXFileReference; lastKnownFileType = folder.assetcatalog; path = Assets.xcassets; sourceTree = "<group>"; };
		200203E42015B46000AEE3E7 /* Base */ = {isa = PBXFileReference; lastKnownFileType = file.storyboard; name = Base; path = Base.lproj/LaunchScreen.storyboard; sourceTree = "<group>"; };
		200203E62015B46000AEE3E7 /* Info.plist */ = {isa = PBXFileReference; lastKnownFileType = text.plist.xml; path = Info.plist; sourceTree = "<group>"; };
		200203E72015B46000AEE3E7 /* main.m */ = {isa = PBXFileReference; lastKnownFileType = sourcecode.c.objc; path = main.m; sourceTree = "<group>"; };
		200204052015C87200AEE3E7 /* zh-Hans */ = {isa = PBXFileReference; lastKnownFileType = text.plist.strings; name = "zh-Hans"; path = "zh-Hans.lproj/Main.strings"; sourceTree = "<group>"; };
		202DC0A5205F5DE4008E2304 /* TestHelperViewController.h */ = {isa = PBXFileReference; lastKnownFileType = sourcecode.c.h; path = TestHelperViewController.h; sourceTree = "<group>"; };
		202DC0A6205F5DE4008E2304 /* TestHelperViewController.m */ = {isa = PBXFileReference; lastKnownFileType = sourcecode.c.objc; path = TestHelperViewController.m; sourceTree = "<group>"; };
		20428347201ED1E90013DED0 /* GCDAsyncUdpSocket.h */ = {isa = PBXFileReference; fileEncoding = 4; lastKnownFileType = sourcecode.c.h; path = GCDAsyncUdpSocket.h; sourceTree = "<group>"; };
		20428348201ED1E90013DED0 /* GCDAsyncUdpSocket.m */ = {isa = PBXFileReference; fileEncoding = 4; lastKnownFileType = sourcecode.c.objc; path = GCDAsyncUdpSocket.m; sourceTree = "<group>"; };
		20428349201ED1E90013DED0 /* UIImage+tint.h */ = {isa = PBXFileReference; fileEncoding = 4; lastKnownFileType = sourcecode.c.h; path = "UIImage+tint.h"; sourceTree = "<group>"; };
		2042834A201ED1E90013DED0 /* UIImage+tint.m */ = {isa = PBXFileReference; fileEncoding = 4; lastKnownFileType = sourcecode.c.objc; path = "UIImage+tint.m"; sourceTree = "<group>"; };
		2042834C201ED1E90013DED0 /* ConnectorCustomizer.h */ = {isa = PBXFileReference; fileEncoding = 4; lastKnownFileType = sourcecode.c.h; path = ConnectorCustomizer.h; sourceTree = "<group>"; };
		2042834D201ED1E90013DED0 /* ConnectorCustomizer.m */ = {isa = PBXFileReference; fileEncoding = 4; lastKnownFileType = sourcecode.c.objc; path = ConnectorCustomizer.m; sourceTree = "<group>"; };
		2042834E201ED1E90013DED0 /* StepOneViewController.h */ = {isa = PBXFileReference; fileEncoding = 4; lastKnownFileType = sourcecode.c.h; path = StepOneViewController.h; sourceTree = "<group>"; };
		2042834F201ED1E90013DED0 /* StepOneViewController.m */ = {isa = PBXFileReference; fileEncoding = 4; lastKnownFileType = sourcecode.c.objc; path = StepOneViewController.m; sourceTree = "<group>"; };
		20428350201ED1E90013DED0 /* StepThreeViewController.h */ = {isa = PBXFileReference; fileEncoding = 4; lastKnownFileType = sourcecode.c.h; path = StepThreeViewController.h; sourceTree = "<group>"; };
		20428351201ED1E90013DED0 /* StepThreeViewController.m */ = {isa = PBXFileReference; fileEncoding = 4; lastKnownFileType = sourcecode.c.objc; path = StepThreeViewController.m; sourceTree = "<group>"; };
		20428352201ED1E90013DED0 /* StepTwoViewController.h */ = {isa = PBXFileReference; fileEncoding = 4; lastKnownFileType = sourcecode.c.h; path = StepTwoViewController.h; sourceTree = "<group>"; };
		20428353201ED1E90013DED0 /* StepTwoViewController.m */ = {isa = PBXFileReference; fileEncoding = 4; lastKnownFileType = sourcecode.c.objc; path = StepTwoViewController.m; sourceTree = "<group>"; };
		2067B015201AFBCE006661A2 /* ViewController.h */ = {isa = PBXFileReference; lastKnownFileType = sourcecode.c.h; path = ViewController.h; sourceTree = "<group>"; };
		2067B016201AFBCE006661A2 /* ViewController.m */ = {isa = PBXFileReference; lastKnownFileType = sourcecode.c.objc; path = ViewController.m; sourceTree = "<group>"; };
		207572292068BFCC0009BBAA /* WInStepOneViewController.h */ = {isa = PBXFileReference; lastKnownFileType = sourcecode.c.h; path = WInStepOneViewController.h; sourceTree = "<group>"; };
		2075722A2068BFCC0009BBAA /* WInStepOneViewController.m */ = {isa = PBXFileReference; lastKnownFileType = sourcecode.c.objc; path = WInStepOneViewController.m; sourceTree = "<group>"; };
		2075722C2068C3730009BBAA /* WInStepTwoViewController.h */ = {isa = PBXFileReference; lastKnownFileType = sourcecode.c.h; path = WInStepTwoViewController.h; sourceTree = "<group>"; };
		2075722D2068C3730009BBAA /* WInStepTwoViewController.m */ = {isa = PBXFileReference; lastKnownFileType = sourcecode.c.objc; path = WInStepTwoViewController.m; sourceTree = "<group>"; };
		2075722F2068D8740009BBAA /* WInStepThreeViewController.h */ = {isa = PBXFileReference; lastKnownFileType = sourcecode.c.h; path = WInStepThreeViewController.h; sourceTree = "<group>"; };
		207572302068D8740009BBAA /* WInStepThreeViewController.m */ = {isa = PBXFileReference; lastKnownFileType = sourcecode.c.objc; path = WInStepThreeViewController.m; sourceTree = "<group>"; };
		20757233206C98580009BBAA /* BaseConnectorManager.h */ = {isa = PBXFileReference; lastKnownFileType = sourcecode.c.h; path = BaseConnectorManager.h; sourceTree = "<group>"; };
		20757234206C98580009BBAA /* BaseConnectorManager.m */ = {isa = PBXFileReference; lastKnownFileType = sourcecode.c.objc; path = BaseConnectorManager.m; sourceTree = "<group>"; };
		20757236206CD99B0009BBAA /* W001ConnectorManager.h */ = {isa = PBXFileReference; lastKnownFileType = sourcecode.c.h; path = W001ConnectorManager.h; sourceTree = "<group>"; };
		20757237206CD99B0009BBAA /* W001ConnectorManager.m */ = {isa = PBXFileReference; lastKnownFileType = sourcecode.c.objc; path = W001ConnectorManager.m; sourceTree = "<group>"; };
		207572CD20721E770009BBAA /* W002ConnectorManager.h */ = {isa = PBXFileReference; lastKnownFileType = sourcecode.c.h; path = W002ConnectorManager.h; sourceTree = "<group>"; };
		207572CE20721E770009BBAA /* W002ConnectorManager.m */ = {isa = PBXFileReference; lastKnownFileType = sourcecode.c.objc; path = W002ConnectorManager.m; sourceTree = "<group>"; };
		207B1F4720A29E58004E31AE /* Connector.bundle */ = {isa = PBXFileReference; lastKnownFileType = "wrapper.plug-in"; path = Connector.bundle; sourceTree = "<group>"; };
		746C24BF2153326B00362CD4 /* Wi-FiDeviceConnector.entitlements */ = {isa = PBXFileReference; lastKnownFileType = text.plist.entitlements; path = "Wi-FiDeviceConnector.entitlements"; sourceTree = "<group>"; };
		747AB6ED21A399140074721B /* GlobalTool.h */ = {isa = PBXFileReference; lastKnownFileType = sourcecode.c.h; path = GlobalTool.h; sourceTree = "<group>"; };
		747AB6EE21A399140074721B /* GlobalTool.m */ = {isa = PBXFileReference; lastKnownFileType = sourcecode.c.objc; path = GlobalTool.m; sourceTree = "<group>"; };
/* End PBXFileReference section */

/* Begin PBXFrameworksBuildPhase section */
		200203D22015B46000AEE3E7 /* Frameworks */ = {
			isa = PBXFrameworksBuildPhase;
			buildActionMask = 2147483647;
			files = (
			);
			runOnlyForDeploymentPostprocessing = 0;
		};
/* End PBXFrameworksBuildPhase section */

/* Begin PBXGroup section */
		200203CC2015B46000AEE3E7 = {
			isa = PBXGroup;
			children = (
				200203D72015B46000AEE3E7 /* Wi-FiDeviceConnector */,
				200203D62015B46000AEE3E7 /* Products */,
				746C24BC2153326B00362CD4 /* Frameworks */,
			);
			sourceTree = "<group>";
		};
		200203D62015B46000AEE3E7 /* Products */ = {
			isa = PBXGroup;
			children = (
				200203D52015B46000AEE3E7 /* Wi-FiDeviceConnector.app */,
			);
			name = Products;
			sourceTree = "<group>";
		};
		200203D72015B46000AEE3E7 /* Wi-FiDeviceConnector */ = {
			isa = PBXGroup;
			children = (
				746C24BF2153326B00362CD4 /* Wi-FiDeviceConnector.entitlements */,
				20428342201ED1E90013DED0 /* EMAXConnector */,
				20020410201862AB00AEE3E7 /* Other */,
				200203E12015B46000AEE3E7 /* Assets.xcassets */,
			);
			path = "Wi-FiDeviceConnector";
			sourceTree = "<group>";
		};
		20020410201862AB00AEE3E7 /* Other */ = {
			isa = PBXGroup;
			children = (
				202DC0A5205F5DE4008E2304 /* TestHelperViewController.h */,
				202DC0A6205F5DE4008E2304 /* TestHelperViewController.m */,
				200203D82015B46000AEE3E7 /* AppDelegate.h */,
				200203D92015B46000AEE3E7 /* AppDelegate.m */,
				200203DE2015B46000AEE3E7 /* Main.storyboard */,
				200203E32015B46000AEE3E7 /* LaunchScreen.storyboard */,
				200203E62015B46000AEE3E7 /* Info.plist */,
				200203E72015B46000AEE3E7 /* main.m */,
				2067B015201AFBCE006661A2 /* ViewController.h */,
				2067B016201AFBCE006661A2 /* ViewController.m */,
			);
			name = Other;
			sourceTree = "<group>";
		};
		20428342201ED1E90013DED0 /* EMAXConnector */ = {
			isa = PBXGroup;
			children = (
				207B1F4720A29E58004E31AE /* Connector.bundle */,
				20428344201ED1E90013DED0 /* ConnectorManager */,
				20428349201ED1E90013DED0 /* UIImage+tint.h */,
				2042834A201ED1E90013DED0 /* UIImage+tint.m */,
				747AB6ED21A399140074721B /* GlobalTool.h */,
				747AB6EE21A399140074721B /* GlobalTool.m */,
				2042834B201ED1E90013DED0 /* SelelctionBefore */,
				206C1F1C205A6B790046809C /* SelelctionInBetween */,
			);
			name = EMAXConnector;
			path = ../../EMAXConnector;
			sourceTree = "<group>";
		};
		20428344201ED1E90013DED0 /* ConnectorManager */ = {
			isa = PBXGroup;
			children = (
				20757232206C983E0009BBAA /* Base */,
				20757236206CD99B0009BBAA /* W001ConnectorManager.h */,
				20757237206CD99B0009BBAA /* W001ConnectorManager.m */,
				207572CD20721E770009BBAA /* W002ConnectorManager.h */,
				207572CE20721E770009BBAA /* W002ConnectorManager.m */,
			);
			path = ConnectorManager;
			sourceTree = "<group>";
		};
		2042834B201ED1E90013DED0 /* SelelctionBefore */ = {
			isa = PBXGroup;
			children = (
				2042834C201ED1E90013DED0 /* ConnectorCustomizer.h */,
				2042834D201ED1E90013DED0 /* ConnectorCustomizer.m */,
				2042834E201ED1E90013DED0 /* StepOneViewController.h */,
				2042834F201ED1E90013DED0 /* StepOneViewController.m */,
				20428352201ED1E90013DED0 /* StepTwoViewController.h */,
				20428353201ED1E90013DED0 /* StepTwoViewController.m */,
				20428350201ED1E90013DED0 /* StepThreeViewController.h */,
				20428351201ED1E90013DED0 /* StepThreeViewController.m */,
			);
			path = SelelctionBefore;
			sourceTree = "<group>";
		};
		206C1F1C205A6B790046809C /* SelelctionInBetween */ = {
			isa = PBXGroup;
			children = (
				207572292068BFCC0009BBAA /* WInStepOneViewController.h */,
				2075722A2068BFCC0009BBAA /* WInStepOneViewController.m */,
				2075722C2068C3730009BBAA /* WInStepTwoViewController.h */,
				2075722D2068C3730009BBAA /* WInStepTwoViewController.m */,
				2075722F2068D8740009BBAA /* WInStepThreeViewController.h */,
				207572302068D8740009BBAA /* WInStepThreeViewController.m */,
			);
			path = SelelctionInBetween;
			sourceTree = "<group>";
		};
		20757232206C983E0009BBAA /* Base */ = {
			isa = PBXGroup;
			children = (
				20428347201ED1E90013DED0 /* GCDAsyncUdpSocket.h */,
				20428348201ED1E90013DED0 /* GCDAsyncUdpSocket.m */,
				20757233206C98580009BBAA /* BaseConnectorManager.h */,
				20757234206C98580009BBAA /* BaseConnectorManager.m */,
			);
			path = Base;
			sourceTree = "<group>";
		};
		746C24BC2153326B00362CD4 /* Frameworks */ = {
			isa = PBXGroup;
			children = (
			);
			name = Frameworks;
			sourceTree = "<group>";
		};
/* End PBXGroup section */

/* Begin PBXNativeTarget section */
		200203D42015B46000AEE3E7 /* Wi-FiDeviceConnector */ = {
			isa = PBXNativeTarget;
			buildConfigurationList = 200203EB2015B46000AEE3E7 /* Build configuration list for PBXNativeTarget "Wi-FiDeviceConnector" */;
			buildPhases = (
				200203D12015B46000AEE3E7 /* Sources */,
				200203D22015B46000AEE3E7 /* Frameworks */,
				200203D32015B46000AEE3E7 /* Resources */,
			);
			buildRules = (
			);
			dependencies = (
			);
			name = "Wi-FiDeviceConnector";
			productName = "Wi-FiDeviceConnector";
			productReference = 200203D52015B46000AEE3E7 /* Wi-FiDeviceConnector.app */;
			productType = "com.apple.product-type.application";
		};
/* End PBXNativeTarget section */

/* Begin PBXProject section */
		200203CD2015B46000AEE3E7 /* Project object */ = {
			isa = PBXProject;
			attributes = {
				LastUpgradeCheck = 0920;
				ORGANIZATIONNAME = emax;
				TargetAttributes = {
					200203D42015B46000AEE3E7 = {
						CreatedOnToolsVersion = 9.2;
						LastSwiftMigration = 0920;
						ProvisioningStyle = Automatic;
						SystemCapabilities = {
							com.apple.AccessWiFi = {
								enabled = 1;
							};
							com.apple.WAC = {
								enabled = 0;
							};
						};
					};
				};
			};
			buildConfigurationList = 200203D02015B46000AEE3E7 /* Build configuration list for PBXProject "Wi-FiDeviceConnector" */;
			compatibilityVersion = "Xcode 8.0";
			developmentRegion = en;
			hasScannedForEncodings = 0;
			knownRegions = (
				en,
				Base,
				"zh-Hans",
			);
			mainGroup = 200203CC2015B46000AEE3E7;
			productRefGroup = 200203D62015B46000AEE3E7 /* Products */;
			projectDirPath = "";
			projectRoot = "";
			targets = (
				200203D42015B46000AEE3E7 /* Wi-FiDeviceConnector */,
			);
		};
/* End PBXProject section */

/* Begin PBXResourcesBuildPhase section */
		200203D32015B46000AEE3E7 /* Resources */ = {
			isa = PBXResourcesBuildPhase;
			buildActionMask = 2147483647;
			files = (
				200203E52015B46000AEE3E7 /* LaunchScreen.storyboard in Resources */,
				200203E22015B46000AEE3E7 /* Assets.xcassets in Resources */,
				200203E02015B46000AEE3E7 /* Main.storyboard in Resources */,
				207B1F4820A29E58004E31AE /* Connector.bundle in Resources */,
			);
			runOnlyForDeploymentPostprocessing = 0;
		};
/* End PBXResourcesBuildPhase section */

/* Begin PBXSourcesBuildPhase section */
		200203D12015B46000AEE3E7 /* Sources */ = {
			isa = PBXSourcesBuildPhase;
			buildActionMask = 2147483647;
			files = (
				202DC0A7205F5DE4008E2304 /* TestHelperViewController.m in Sources */,
				20757238206CD99B0009BBAA /* W001ConnectorManager.m in Sources */,
				20757235206C98580009BBAA /* BaseConnectorManager.m in Sources */,
				20428359201ED1E90013DED0 /* ConnectorCustomizer.m in Sources */,
				2075722B2068BFCC0009BBAA /* WInStepOneViewController.m in Sources */,
				2075722E2068C3730009BBAA /* WInStepTwoViewController.m in Sources */,
				2067B017201AFBCE006661A2 /* ViewController.m in Sources */,
				20428357201ED1E90013DED0 /* GCDAsyncUdpSocket.m in Sources */,
				20428358201ED1E90013DED0 /* UIImage+tint.m in Sources */,
				200203E82015B46000AEE3E7 /* main.m in Sources */,
				2042835C201ED1E90013DED0 /* StepTwoViewController.m in Sources */,
				2042835B201ED1E90013DED0 /* StepThreeViewController.m in Sources */,
				200203DA2015B46000AEE3E7 /* AppDelegate.m in Sources */,
				207572312068D8740009BBAA /* WInStepThreeViewController.m in Sources */,
				207572CF20721E770009BBAA /* W002ConnectorManager.m in Sources */,
				2042835A201ED1E90013DED0 /* StepOneViewController.m in Sources */,
				747AB6EF21A399140074721B /* GlobalTool.m in Sources */,
			);
			runOnlyForDeploymentPostprocessing = 0;
		};
/* End PBXSourcesBuildPhase section */

/* Begin PBXVariantGroup section */
		200203DE2015B46000AEE3E7 /* Main.storyboard */ = {
			isa = PBXVariantGroup;
			children = (
				200203DF2015B46000AEE3E7 /* Base */,
				200204052015C87200AEE3E7 /* zh-Hans */,
			);
			name = Main.storyboard;
			sourceTree = "<group>";
		};
		200203E32015B46000AEE3E7 /* LaunchScreen.storyboard */ = {
			isa = PBXVariantGroup;
			children = (
				200203E42015B46000AEE3E7 /* Base */,
			);
			name = LaunchScreen.storyboard;
			sourceTree = "<group>";
		};
/* End PBXVariantGroup section */

/* Begin XCBuildConfiguration section */
		200203E92015B46000AEE3E7 /* Debug */ = {
			isa = XCBuildConfiguration;
			buildSettings = {
				ALWAYS_SEARCH_USER_PATHS = NO;
				CLANG_ANALYZER_LOCALIZABILITY_NONLOCALIZED = YES;
				CLANG_ANALYZER_NONNULL = YES;
				CLANG_ANALYZER_NUMBER_OBJECT_CONVERSION = YES_AGGRESSIVE;
				CLANG_CXX_LANGUAGE_STANDARD = "gnu++14";
				CLANG_CXX_LIBRARY = "libc++";
				CLANG_ENABLE_MODULES = YES;
				CLANG_ENABLE_OBJC_ARC = YES;
				CLANG_WARN_BLOCK_CAPTURE_AUTORELEASING = YES;
				CLANG_WARN_BOOL_CONVERSION = YES;
				CLANG_WARN_COMMA = YES;
				CLANG_WARN_CONSTANT_CONVERSION = YES;
				CLANG_WARN_DIRECT_OBJC_ISA_USAGE = YES_ERROR;
				CLANG_WARN_DOCUMENTATION_COMMENTS = YES;
				CLANG_WARN_EMPTY_BODY = YES;
				CLANG_WARN_ENUM_CONVERSION = YES;
				CLANG_WARN_INFINITE_RECURSION = YES;
				CLANG_WARN_INT_CONVERSION = YES;
				CLANG_WARN_NON_LITERAL_NULL_CONVERSION = YES;
				CLANG_WARN_OBJC_LITERAL_CONVERSION = YES;
				CLANG_WARN_OBJC_ROOT_CLASS = YES_ERROR;
				CLANG_WARN_RANGE_LOOP_ANALYSIS = YES;
				CLANG_WARN_STRICT_PROTOTYPES = YES;
				CLANG_WARN_SUSPICIOUS_MOVE = YES;
				CLANG_WARN_UNGUARDED_AVAILABILITY = YES_AGGRESSIVE;
				CLANG_WARN_UNREACHABLE_CODE = YES;
				CLANG_WARN__DUPLICATE_METHOD_MATCH = YES;
				CODE_SIGN_IDENTITY = "iPhone Developer";
				COPY_PHASE_STRIP = NO;
				DEBUG_INFORMATION_FORMAT = dwarf;
				ENABLE_STRICT_OBJC_MSGSEND = YES;
				ENABLE_TESTABILITY = YES;
				GCC_C_LANGUAGE_STANDARD = gnu11;
				GCC_DYNAMIC_NO_PIC = NO;
				GCC_NO_COMMON_BLOCKS = YES;
				GCC_OPTIMIZATION_LEVEL = 0;
				GCC_PREPROCESSOR_DEFINITIONS = (
					"DEBUG=1",
					"$(inherited)",
				);
				GCC_WARN_64_TO_32_BIT_CONVERSION = YES;
				GCC_WARN_ABOUT_RETURN_TYPE = YES_ERROR;
				GCC_WARN_UNDECLARED_SELECTOR = YES;
				GCC_WARN_UNINITIALIZED_AUTOS = YES_AGGRESSIVE;
				GCC_WARN_UNUSED_FUNCTION = YES;
				GCC_WARN_UNUSED_VARIABLE = YES;
				IPHONEOS_DEPLOYMENT_TARGET = 11.2;
				MTL_ENABLE_DEBUG_INFO = YES;
				ONLY_ACTIVE_ARCH = YES;
				SDKROOT = iphoneos;
			};
			name = Debug;
		};
		200203EA2015B46000AEE3E7 /* Release */ = {
			isa = XCBuildConfiguration;
			buildSettings = {
				ALWAYS_SEARCH_USER_PATHS = NO;
				CLANG_ANALYZER_LOCALIZABILITY_NONLOCALIZED = YES;
				CLANG_ANALYZER_NONNULL = YES;
				CLANG_ANALYZER_NUMBER_OBJECT_CONVERSION = YES_AGGRESSIVE;
				CLANG_CXX_LANGUAGE_STANDARD = "gnu++14";
				CLANG_CXX_LIBRARY = "libc++";
				CLANG_ENABLE_MODULES = YES;
				CLANG_ENABLE_OBJC_ARC = YES;
				CLANG_WARN_BLOCK_CAPTURE_AUTORELEASING = YES;
				CLANG_WARN_BOOL_CONVERSION = YES;
				CLANG_WARN_COMMA = YES;
				CLANG_WARN_CONSTANT_CONVERSION = YES;
				CLANG_WARN_DIRECT_OBJC_ISA_USAGE = YES_ERROR;
				CLANG_WARN_DOCUMENTATION_COMMENTS = YES;
				CLANG_WARN_EMPTY_BODY = YES;
				CLANG_WARN_ENUM_CONVERSION = YES;
				CLANG_WARN_INFINITE_RECURSION = YES;
				CLANG_WARN_INT_CONVERSION = YES;
				CLANG_WARN_NON_LITERAL_NULL_CONVERSION = YES;
				CLANG_WARN_OBJC_LITERAL_CONVERSION = YES;
				CLANG_WARN_OBJC_ROOT_CLASS = YES_ERROR;
				CLANG_WARN_RANGE_LOOP_ANALYSIS = YES;
				CLANG_WARN_STRICT_PROTOTYPES = YES;
				CLANG_WARN_SUSPICIOUS_MOVE = YES;
				CLANG_WARN_UNGUARDED_AVAILABILITY = YES_AGGRESSIVE;
				CLANG_WARN_UNREACHABLE_CODE = YES;
				CLANG_WARN__DUPLICATE_METHOD_MATCH = YES;
				CODE_SIGN_IDENTITY = "iPhone Developer";
				COPY_PHASE_STRIP = NO;
				DEBUG_INFORMATION_FORMAT = "dwarf-with-dsym";
				ENABLE_NS_ASSERTIONS = NO;
				ENABLE_STRICT_OBJC_MSGSEND = YES;
				GCC_C_LANGUAGE_STANDARD = gnu11;
				GCC_NO_COMMON_BLOCKS = YES;
				GCC_WARN_64_TO_32_BIT_CONVERSION = YES;
				GCC_WARN_ABOUT_RETURN_TYPE = YES_ERROR;
				GCC_WARN_UNDECLARED_SELECTOR = YES;
				GCC_WARN_UNINITIALIZED_AUTOS = YES_AGGRESSIVE;
				GCC_WARN_UNUSED_FUNCTION = YES;
				GCC_WARN_UNUSED_VARIABLE = YES;
				IPHONEOS_DEPLOYMENT_TARGET = 11.2;
				MTL_ENABLE_DEBUG_INFO = NO;
				SDKROOT = iphoneos;
				VALIDATE_PRODUCT = YES;
			};
			name = Release;
		};
		200203EC2015B46000AEE3E7 /* Debug */ = {
			isa = XCBuildConfiguration;
			buildSettings = {
				ASSETCATALOG_COMPILER_APPICON_NAME = AppIcon;
				CLANG_ENABLE_MODULES = YES;
				CODE_SIGN_ENTITLEMENTS = "Wi-FiDeviceConnector/Wi-FiDeviceConnector.entitlements";
				CODE_SIGN_STYLE = Automatic;
				DEVELOPMENT_TEAM = 72QL875RQC;
				GCC_PREFIX_HEADER = "";
				INFOPLIST_FILE = "Wi-FiDeviceConnector/Info.plist";
				IPHONEOS_DEPLOYMENT_TARGET = 9.0;
				LD_RUNPATH_SEARCH_PATHS = "$(inherited) @executable_path/Frameworks";
				PRODUCT_BUNDLE_IDENTIFIER = "com.emax.Wi-FiDeviceConnector";
				PRODUCT_NAME = "$(TARGET_NAME)";
				SWIFT_OPTIMIZATION_LEVEL = "-Onone";
				SWIFT_VERSION = 3.0;
				TARGETED_DEVICE_FAMILY = "1,2";
			};
			name = Debug;
		};
		200203ED2015B46000AEE3E7 /* Release */ = {
			isa = XCBuildConfiguration;
			buildSettings = {
				ASSETCATALOG_COMPILER_APPICON_NAME = AppIcon;
				CLANG_ENABLE_MODULES = YES;
				CODE_SIGN_ENTITLEMENTS = "Wi-FiDeviceConnector/Wi-FiDeviceConnector.entitlements";
				CODE_SIGN_STYLE = Automatic;
				DEVELOPMENT_TEAM = 72QL875RQC;
				GCC_PREFIX_HEADER = "";
				INFOPLIST_FILE = "Wi-FiDeviceConnector/Info.plist";
				IPHONEOS_DEPLOYMENT_TARGET = 9.0;
				LD_RUNPATH_SEARCH_PATHS = "$(inherited) @executable_path/Frameworks";
				PRODUCT_BUNDLE_IDENTIFIER = "com.emax.Wi-FiDeviceConnector";
				PRODUCT_NAME = "$(TARGET_NAME)";
				SWIFT_VERSION = 3.0;
				TARGETED_DEVICE_FAMILY = "1,2";
			};
			name = Release;
		};
/* End XCBuildConfiguration section */

/* Begin XCConfigurationList section */
		200203D02015B46000AEE3E7 /* Build configuration list for PBXProject "Wi-FiDeviceConnector" */ = {
			isa = XCConfigurationList;
			buildConfigurations = (
				200203E92015B46000AEE3E7 /* Debug */,
				200203EA2015B46000AEE3E7 /* Release */,
			);
			defaultConfigurationIsVisible = 0;
			defaultConfigurationName = Release;
		};
		200203EB2015B46000AEE3E7 /* Build configuration list for PBXNativeTarget "Wi-FiDeviceConnector" */ = {
			isa = XCConfigurationList;
			buildConfigurations = (
				200203EC2015B46000AEE3E7 /* Debug */,
				200203ED2015B46000AEE3E7 /* Release */,
			);
			defaultConfigurationIsVisible = 0;
			defaultConfigurationName = Release;
		};
/* End XCConfigurationList section */
	};
	rootObject = 200203CD2015B46000AEE3E7 /* Project object */;
}
